// !$*UTF8*$!
{
	archiveVersion = 1;
	classes = {
	};
	objectVersion = 50;
	objects = {

/* Begin PBXBuildFile section */
		C25DA63322EA1E8B00E94806 /* WeatherView.swift in Sources */ = {isa = PBXBuildFile; fileRef = C25DA63222EA1E8B00E94806 /* WeatherView.swift */; };
		C25DA63522EA202900E94806 /* WeatherModel.swift in Sources */ = {isa = PBXBuildFile; fileRef = C25DA63422EA202900E94806 /* WeatherModel.swift */; };
		C25DA63C22EA34CB00E94806 /* NetworkServiceProtocol.swift in Sources */ = {isa = PBXBuildFile; fileRef = C25DA63B22EA34CB00E94806 /* NetworkServiceProtocol.swift */; };
		C25DA63F22EA34ED00E94806 /* Constants.swift in Sources */ = {isa = PBXBuildFile; fileRef = C25DA63E22EA34ED00E94806 /* Constants.swift */; };
		C25DA64122EA34FF00E94806 /* CITIES.swift in Sources */ = {isa = PBXBuildFile; fileRef = C25DA64022EA34FF00E94806 /* CITIES.swift */; };
		C2BAE36522EA1A62008272DF /* NetworkService.swift in Sources */ = {isa = PBXBuildFile; fileRef = C2BAE36422EA1A62008272DF /* NetworkService.swift */; };
		C2EDA8F822E9A45E0079236C /* AppDelegate.swift in Sources */ = {isa = PBXBuildFile; fileRef = C2EDA8F722E9A45E0079236C /* AppDelegate.swift */; };
		C2EDA8FA22E9A45E0079236C /* WeatherController.swift in Sources */ = {isa = PBXBuildFile; fileRef = C2EDA8F922E9A45E0079236C /* WeatherController.swift */; };
		C2EDA8FD22E9A45E0079236C /* Main.storyboard in Resources */ = {isa = PBXBuildFile; fileRef = C2EDA8FB22E9A45E0079236C /* Main.storyboard */; };
		C2EDA8FF22E9A4600079236C /* Assets.xcassets in Resources */ = {isa = PBXBuildFile; fileRef = C2EDA8FE22E9A4600079236C /* Assets.xcassets */; };
		C2EDA90222E9A4600079236C /* LaunchScreen.storyboard in Resources */ = {isa = PBXBuildFile; fileRef = C2EDA90022E9A4600079236C /* LaunchScreen.storyboard */; };
/* End PBXBuildFile section */

/* Begin PBXFileReference section */
		C25DA63222EA1E8B00E94806 /* WeatherView.swift */ = {isa = PBXFileReference; lastKnownFileType = sourcecode.swift; path = WeatherView.swift; sourceTree = "<group>"; };
		C25DA63422EA202900E94806 /* WeatherModel.swift */ = {isa = PBXFileReference; lastKnownFileType = sourcecode.swift; path = WeatherModel.swift; sourceTree = "<group>"; };
		C25DA63B22EA34CB00E94806 /* NetworkServiceProtocol.swift */ = {isa = PBXFileReference; lastKnownFileType = sourcecode.swift; path = NetworkServiceProtocol.swift; sourceTree = "<group>"; };
		C25DA63E22EA34ED00E94806 /* Constants.swift */ = {isa = PBXFileReference; lastKnownFileType = sourcecode.swift; path = Constants.swift; sourceTree = "<group>"; };
		C25DA64022EA34FF00E94806 /* CITIES.swift */ = {isa = PBXFileReference; lastKnownFileType = sourcecode.swift; path = CITIES.swift; sourceTree = "<group>"; };
		C2BAE36422EA1A62008272DF /* NetworkService.swift */ = {isa = PBXFileReference; lastKnownFileType = sourcecode.swift; path = NetworkService.swift; sourceTree = "<group>"; };
		C2EDA8F422E9A45D0079236C /* WeatherTest.app */ = {isa = PBXFileReference; explicitFileType = wrapper.application; includeInIndex = 0; path = WeatherTest.app; sourceTree = BUILT_PRODUCTS_DIR; };
		C2EDA8F722E9A45E0079236C /* AppDelegate.swift */ = {isa = PBXFileReference; lastKnownFileType = sourcecode.swift; path = AppDelegate.swift; sourceTree = "<group>"; };
		C2EDA8F922E9A45E0079236C /* WeatherController.swift */ = {isa = PBXFileReference; lastKnownFileType = sourcecode.swift; path = WeatherController.swift; sourceTree = "<group>"; };
		C2EDA8FC22E9A45E0079236C /* Base */ = {isa = PBXFileReference; lastKnownFileType = file.storyboard; name = Base; path = Base.lproj/Main.storyboard; sourceTree = "<group>"; };
		C2EDA8FE22E9A4600079236C /* Assets.xcassets */ = {isa = PBXFileReference; lastKnownFileType = folder.assetcatalog; path = Assets.xcassets; sourceTree = "<group>"; };
		C2EDA90122E9A4600079236C /* Base */ = {isa = PBXFileReference; lastKnownFileType = file.storyboard; name = Base; path = Base.lproj/LaunchScreen.storyboard; sourceTree = "<group>"; };
		C2EDA90322E9A4600079236C /* Info.plist */ = {isa = PBXFileReference; lastKnownFileType = text.plist.xml; path = Info.plist; sourceTree = "<group>"; };
/* End PBXFileReference section */

/* Begin PBXFrameworksBuildPhase section */
		C2EDA8F122E9A45D0079236C /* Frameworks */ = {
			isa = PBXFrameworksBuildPhase;
			buildActionMask = 2147483647;
			files = (
			);
			runOnlyForDeploymentPostprocessing = 0;
		};
/* End PBXFrameworksBuildPhase section */

/* Begin PBXGroup section */
		C25DA63622EA33DD00E94806 /* App */ = {
			isa = PBXGroup;
			children = (
				C2EDA90022E9A4600079236C /* LaunchScreen.storyboard */,
				C2EDA8FE22E9A4600079236C /* Assets.xcassets */,
				C2EDA8F722E9A45E0079236C /* AppDelegate.swift */,
			);
			path = App;
			sourceTree = "<group>";
		};
		C25DA63722EA33E200E94806 /* Model */ = {
			isa = PBXGroup;
			children = (
				C25DA63422EA202900E94806 /* WeatherModel.swift */,
			);
			path = Model;
			sourceTree = "<group>";
		};
		C25DA63822EA33E900E94806 /* View */ = {
			isa = PBXGroup;
			children = (
				C25DA63222EA1E8B00E94806 /* WeatherView.swift */,
				C2EDA8FB22E9A45E0079236C /* Main.storyboard */,
			);
			path = View;
			sourceTree = "<group>";
		};
		C25DA63922EA33EE00E94806 /* Controller */ = {
			isa = PBXGroup;
			children = (
				C2EDA8F922E9A45E0079236C /* WeatherController.swift */,
			);
			path = Controller;
			sourceTree = "<group>";
		};
		C25DA63A22EA33F400E94806 /* Network */ = {
			isa = PBXGroup;
			children = (
				C25DA63B22EA34CB00E94806 /* NetworkServiceProtocol.swift */,
				C2BAE36422EA1A62008272DF /* NetworkService.swift */,
			);
			path = Network;
			sourceTree = "<group>";
		};
		C25DA63D22EA34DE00E94806 /* UTILITIES */ = {
			isa = PBXGroup;
			children = (
				C25DA63E22EA34ED00E94806 /* Constants.swift */,
				C25DA64022EA34FF00E94806 /* CITIES.swift */,
			);
			path = UTILITIES;
			sourceTree = "<group>";
		};
		C2EDA8EB22E9A45D0079236C = {
			isa = PBXGroup;
			children = (
				C2EDA8F622E9A45D0079236C /* WeatherTest */,
				C2EDA8F522E9A45D0079236C /* Products */,
			);
			sourceTree = "<group>";
		};
		C2EDA8F522E9A45D0079236C /* Products */ = {
			isa = PBXGroup;
			children = (
				C2EDA8F422E9A45D0079236C /* WeatherTest.app */,
			);
			name = Products;
			sourceTree = "<group>";
		};
		C2EDA8F622E9A45D0079236C /* WeatherTest */ = {
			isa = PBXGroup;
			children = (
				C25DA63D22EA34DE00E94806 /* UTILITIES */,
				C25DA63A22EA33F400E94806 /* Network */,
				C25DA63922EA33EE00E94806 /* Controller */,
				C25DA63822EA33E900E94806 /* View */,
				C25DA63722EA33E200E94806 /* Model */,
				C25DA63622EA33DD00E94806 /* App */,
				C2EDA90322E9A4600079236C /* Info.plist */,
			);
			path = WeatherTest;
			sourceTree = "<group>";
		};
/* End PBXGroup section */

/* Begin PBXNativeTarget section */
		C2EDA8F322E9A45D0079236C /* WeatherTest */ = {
			isa = PBXNativeTarget;
			buildConfigurationList = C2EDA90622E9A4600079236C /* Build configuration list for PBXNativeTarget "WeatherTest" */;
			buildPhases = (
				C2EDA8F022E9A45D0079236C /* Sources */,
				C2EDA8F122E9A45D0079236C /* Frameworks */,
				C2EDA8F222E9A45D0079236C /* Resources */,
			);
			buildRules = (
			);
			dependencies = (
			);
			name = WeatherTest;
			productName = WeatherTest;
			productReference = C2EDA8F422E9A45D0079236C /* WeatherTest.app */;
			productType = "com.apple.product-type.application";
		};
/* End PBXNativeTarget section */

/* Begin PBXProject section */
		C2EDA8EC22E9A45D0079236C /* Project object */ = {
			isa = PBXProject;
			attributes = {
				LastSwiftUpdateCheck = 1030;
				LastUpgradeCheck = 1030;
				ORGANIZATIONNAME = "Andrey Petrovskiy";
				TargetAttributes = {
					C2EDA8F322E9A45D0079236C = {
						CreatedOnToolsVersion = 10.3;
					};
				};
			};
			buildConfigurationList = C2EDA8EF22E9A45D0079236C /* Build configuration list for PBXProject "WeatherTest" */;
			compatibilityVersion = "Xcode 9.3";
			developmentRegion = en;
			hasScannedForEncodings = 0;
			knownRegions = (
				en,
				Base,
			);
			mainGroup = C2EDA8EB22E9A45D0079236C;
			productRefGroup = C2EDA8F522E9A45D0079236C /* Products */;
			projectDirPath = "";
			projectRoot = "";
			targets = (
				C2EDA8F322E9A45D0079236C /* WeatherTest */,
			);
		};
/* End PBXProject section */

/* Begin PBXResourcesBuildPhase section */
		C2EDA8F222E9A45D0079236C /* Resources */ = {
			isa = PBXResourcesBuildPhase;
			buildActionMask = 2147483647;
			files = (
				C2EDA90222E9A4600079236C /* LaunchScreen.storyboard in Resources */,
				C2EDA8FF22E9A4600079236C /* Assets.xcassets in Resources */,
				C2EDA8FD22E9A45E0079236C /* Main.storyboard in Resources */,
			);
			runOnlyForDeploymentPostprocessing = 0;
		};
/* End PBXResourcesBuildPhase section */

/* Begin PBXSourcesBuildPhase section */
		C2EDA8F022E9A45D0079236C /* Sources */ = {
			isa = PBXSourcesBuildPhase;
			buildActionMask = 2147483647;
			files = (
				C25DA64122EA34FF00E94806 /* CITIES.swift in Sources */,
				C2EDA8FA22E9A45E0079236C /* WeatherController.swift in Sources */,
				C2BAE36522EA1A62008272DF /* NetworkService.swift in Sources */,
				C25DA63C22EA34CB00E94806 /* NetworkServiceProtocol.swift in Sources */,
				C2EDA8F822E9A45E0079236C /* AppDelegate.swift in Sources */,
				C25DA63F22EA34ED00E94806 /* Constants.swift in Sources */,
				C25DA63322EA1E8B00E94806 /* WeatherView.swift in Sources */,
				C25DA63522EA202900E94806 /* WeatherModel.swift in Sources */,
			);
			runOnlyForDeploymentPostprocessing = 0;
		};
/* End PBXSourcesBuildPhase section */

/* Begin PBXVariantGroup section */
		C2EDA8FB22E9A45E0079236C /* Main.storyboard */ = {
			isa = PBXVariantGroup;
			children = (
				C2EDA8FC22E9A45E0079236C /* Base */,
			);
			name = Main.storyboard;
			sourceTree = "<group>";
		};
		C2EDA90022E9A4600079236C /* LaunchScreen.storyboard */ = {
			isa = PBXVariantGroup;
			children = (
				C2EDA90122E9A4600079236C /* Base */,
			);
			name = LaunchScreen.storyboard;
			sourceTree = "<group>";
		};
/* End PBXVariantGroup section */

/* Begin XCBuildConfiguration section */
		C2EDA90422E9A4600079236C /* Debug */ = {
			isa = XCBuildConfiguration;
			buildSettings = {
				ALWAYS_SEARCH_USER_PATHS = NO;
				CLANG_ANALYZER_NONNULL = YES;
				CLANG_ANALYZER_NUMBER_OBJECT_CONVERSION = YES_AGGRESSIVE;
				CLANG_CXX_LANGUAGE_STANDARD = "gnu++14";
				CLANG_CXX_LIBRARY = "libc++";
				CLANG_ENABLE_MODULES = YES;
				CLANG_ENABLE_OBJC_ARC = YES;
				CLANG_ENABLE_OBJC_WEAK = YES;
				CLANG_WARN_BLOCK_CAPTURE_AUTORELEASING = YES;
				CLANG_WARN_BOOL_CONVERSION = YES;
				CLANG_WARN_COMMA = YES;
				CLANG_WARN_CONSTANT_CONVERSION = YES;
				CLANG_WARN_DEPRECATED_OBJC_IMPLEMENTATIONS = YES;
				CLANG_WARN_DIRECT_OBJC_ISA_USAGE = YES_ERROR;
				CLANG_WARN_DOCUMENTATION_COMMENTS = YES;
				CLANG_WARN_EMPTY_BODY = YES;
				CLANG_WARN_ENUM_CONVERSION = YES;
				CLANG_WARN_INFINITE_RECURSION = YES;
				CLANG_WARN_INT_CONVERSION = YES;
				CLANG_WARN_NON_LITERAL_NULL_CONVERSION = YES;
				CLANG_WARN_OBJC_IMPLICIT_RETAIN_SELF = YES;
				CLANG_WARN_OBJC_LITERAL_CONVERSION = YES;
				CLANG_WARN_OBJC_ROOT_CLASS = YES_ERROR;
				CLANG_WARN_RANGE_LOOP_ANALYSIS = YES;
				CLANG_WARN_STRICT_PROTOTYPES = YES;
				CLANG_WARN_SUSPICIOUS_MOVE = YES;
				CLANG_WARN_UNGUARDED_AVAILABILITY = YES_AGGRESSIVE;
				CLANG_WARN_UNREACHABLE_CODE = YES;
				CLANG_WARN__DUPLICATE_METHOD_MATCH = YES;
				CODE_SIGN_IDENTITY = "iPhone Developer";
				COPY_PHASE_STRIP = NO;
				DEBUG_INFORMATION_FORMAT = dwarf;
				ENABLE_STRICT_OBJC_MSGSEND = YES;
				ENABLE_TESTABILITY = YES;
				GCC_C_LANGUAGE_STANDARD = gnu11;
				GCC_DYNAMIC_NO_PIC = NO;
				GCC_NO_COMMON_BLOCKS = YES;
				GCC_OPTIMIZATION_LEVEL = 0;
				GCC_PREPROCESSOR_DEFINITIONS = (
					"DEBUG=1",
					"$(inherited)",
				);
				GCC_WARN_64_TO_32_BIT_CONVERSION = YES;
				GCC_WARN_ABOUT_RETURN_TYPE = YES_ERROR;
				GCC_WARN_UNDECLARED_SELECTOR = YES;
				GCC_WARN_UNINITIALIZED_AUTOS = YES_AGGRESSIVE;
				GCC_WARN_UNUSED_FUNCTION = YES;
				GCC_WARN_UNUSED_VARIABLE = YES;
				IPHONEOS_DEPLOYMENT_TARGET = 12.4;
				MTL_ENABLE_DEBUG_INFO = INCLUDE_SOURCE;
				MTL_FAST_MATH = YES;
				ONLY_ACTIVE_ARCH = YES;
				SDKROOT = iphoneos;
				SWIFT_ACTIVE_COMPILATION_CONDITIONS = DEBUG;
				SWIFT_OPTIMIZATION_LEVEL = "-Onone";
			};
			name = Debug;
		};
		C2EDA90522E9A4600079236C /* Release */ = {
			isa = XCBuildConfiguration;
			buildSettings = {
				ALWAYS_SEARCH_USER_PATHS = NO;
				CLANG_ANALYZER_NONNULL = YES;
				CLANG_ANALYZER_NUMBER_OBJECT_CONVERSION = YES_AGGRESSIVE;
				CLANG_CXX_LANGUAGE_STANDARD = "gnu++14";
				CLANG_CXX_LIBRARY = "libc++";
				CLANG_ENABLE_MODULES = YES;
				CLANG_ENABLE_OBJC_ARC = YES;
				CLANG_ENABLE_OBJC_WEAK = YES;
				CLANG_WARN_BLOCK_CAPTURE_AUTORELEASING = YES;
				CLANG_WARN_BOOL_CONVERSION = YES;
				CLANG_WARN_COMMA = YES;
				CLANG_WARN_CONSTANT_CONVERSION = YES;
				CLANG_WARN_DEPRECATED_OBJC_IMPLEMENTATIONS = YES;
				CLANG_WARN_DIRECT_OBJC_ISA_USAGE = YES_ERROR;
				CLANG_WARN_DOCUMENTATION_COMMENTS = YES;
				CLANG_WARN_EMPTY_BODY = YES;
				CLANG_WARN_ENUM_CONVERSION = YES;
				CLANG_WARN_INFINITE_RECURSION = YES;
				CLANG_WARN_INT_CONVERSION = YES;
				CLANG_WARN_NON_LITERAL_NULL_CONVERSION = YES;
				CLANG_WARN_OBJC_IMPLICIT_RETAIN_SELF = YES;
				CLANG_WARN_OBJC_LITERAL_CONVERSION = YES;
				CLANG_WARN_OBJC_ROOT_CLASS = YES_ERROR;
				CLANG_WARN_RANGE_LOOP_ANALYSIS = YES;
				CLANG_WARN_STRICT_PROTOTYPES = YES;
				CLANG_WARN_SUSPICIOUS_MOVE = YES;
				CLANG_WARN_UNGUARDED_AVAILABILITY = YES_AGGRESSIVE;
				CLANG_WARN_UNREACHABLE_CODE = YES;
				CLANG_WARN__DUPLICATE_METHOD_MATCH = YES;
				CODE_SIGN_IDENTITY = "iPhone Developer";
				COPY_PHASE_STRIP = NO;
				DEBUG_INFORMATION_FORMAT = "dwarf-with-dsym";
				ENABLE_NS_ASSERTIONS = NO;
				ENABLE_STRICT_OBJC_MSGSEND = YES;
				GCC_C_LANGUAGE_STANDARD = gnu11;
				GCC_NO_COMMON_BLOCKS = YES;
				GCC_WARN_64_TO_32_BIT_CONVERSION = YES;
				GCC_WARN_ABOUT_RETURN_TYPE = YES_ERROR;
				GCC_WARN_UNDECLARED_SELECTOR = YES;
				GCC_WARN_UNINITIALIZED_AUTOS = YES_AGGRESSIVE;
				GCC_WARN_UNUSED_FUNCTION = YES;
				GCC_WARN_UNUSED_VARIABLE = YES;
				IPHONEOS_DEPLOYMENT_TARGET = 12.4;
				MTL_ENABLE_DEBUG_INFO = NO;
				MTL_FAST_MATH = YES;
				SDKROOT = iphoneos;
				SWIFT_COMPILATION_MODE = wholemodule;
				SWIFT_OPTIMIZATION_LEVEL = "-O";
				VALIDATE_PRODUCT = YES;
			};
			name = Release;
		};
		C2EDA90722E9A4600079236C /* Debug */ = {
			isa = XCBuildConfiguration;
			buildSettings = {
				ASSETCATALOG_COMPILER_APPICON_NAME = AppIcon;
				CODE_SIGN_STYLE = Automatic;
				DEVELOPMENT_TEAM = SSF7F7A55A;
				INFOPLIST_FILE = WeatherTest/Info.plist;
				IPHONEOS_DEPLOYMENT_TARGET = 12.2;
				LD_RUNPATH_SEARCH_PATHS = (
					"$(inherited)",
					"@executable_path/Frameworks",
				);
				PRODUCT_BUNDLE_IDENTIFIER = andreyP.WeatherTest;
				PRODUCT_NAME = "$(TARGET_NAME)";
				SWIFT_VERSION = 5.0;
				TARGETED_DEVICE_FAMILY = "1,2";
			};
			name = Debug;
		};
		C2EDA90822E9A4600079236C /* Release */ = {
			isa = XCBuildConfiguration;
			buildSettings = {
				ASSETCATALOG_COMPILER_APPICON_NAME = AppIcon;
				CODE_SIGN_STYLE = Automatic;
				DEVELOPMENT_TEAM = SSF7F7A55A;
				INFOPLIST_FILE = WeatherTest/Info.plist;
				IPHONEOS_DEPLOYMENT_TARGET = 12.2;
				LD_RUNPATH_SEARCH_PATHS = (
					"$(inherited)",
					"@executable_path/Frameworks",
				);
				PRODUCT_BUNDLE_IDENTIFIER = andreyP.WeatherTest;
				PRODUCT_NAME = "$(TARGET_NAME)";
				SWIFT_VERSION = 5.0;
				TARGETED_DEVICE_FAMILY = "1,2";
			};
			name = Release;
		};
/* End XCBuildConfiguration section */

/* Begin XCConfigurationList section */
		C2EDA8EF22E9A45D0079236C /* Build configuration list for PBXProject "WeatherTest" */ = {
			isa = XCConfigurationList;
			buildConfigurations = (
				C2EDA90422E9A4600079236C /* Debug */,
				C2EDA90522E9A4600079236C /* Release */,
			);
			defaultConfigurationIsVisible = 0;
			defaultConfigurationName = Release;
		};
		C2EDA90622E9A4600079236C /* Build configuration list for PBXNativeTarget "WeatherTest" */ = {
			isa = XCConfigurationList;
			buildConfigurations = (
				C2EDA90722E9A4600079236C /* Debug */,
				C2EDA90822E9A4600079236C /* Release */,
			);
			defaultConfigurationIsVisible = 0;
			defaultConfigurationName = Release;
		};
/* End XCConfigurationList section */
	};
	rootObject = C2EDA8EC22E9A45D0079236C /* Project object */;
}
